
Microsoft Visual Studio Solution File, Format Version 12.00
# Visual Studio Version 16
VisualStudioVersion = 16.0.31019.35
MinimumVisualStudioVersion = 10.0.40219.1
Project("{FAE04EC0-301F-11D3-BF4B-00C04F79EFBC}") = "PongCSharp", "PongCSharp\PongCSharp.csproj", "{20CD2A87-B010-48EA-9B02-A7D042695DDF}"
EndProject
Global
	GlobalSection(SolutionConfigurationPlatforms) = preSolution
		Debug|Any CPU = Debug|Any CPU
		Release|Any CPU = Release|Any CPU
	EndGlobalSection
	GlobalSection(ProjectConfigurationPlatforms) = postSolution
		{20CD2A87-B010-48EA-9B02-A7D042695DDF}.Debug|Any CPU.ActiveCfg = Debug|Any CPU
		{20CD2A87-B010-48EA-9B02-A7D042695DDF}.Debug|Any CPU.Build.0 = Debug|Any CPU
		{20CD2A87-B010-48EA-9B02-A7D042695DDF}.Release|Any CPU.ActiveCfg = Release|Any CPU
		{20CD2A87-B010-48EA-9B02-A7D042695DDF}.Release|Any CPU.Build.0 = Release|Any CPU
	EndGlobalSection
	GlobalSection(SolutionProperties) = preSolution
		HideSolutionNode = FALSE
	EndGlobalSection
	GlobalSection(ExtensibilityGlobals) = postSolution
		SolutionGuid = {AB903EC6-61D0-4263-9F4A-0D5E7FB16BAB}
	EndGlobalSection
EndGlobal
